
Microsoft Visual Studio Solution File, Format Version 12.00
# Visual Studio Version 16
VisualStudioVersion = 16.0.29911.84
MinimumVisualStudioVersion = 10.0.40219.1
Project("{FAE04EC0-301F-11D3-BF4B-00C04F79EFBC}") = "ConsoleApp1", "ConsoleApp1\ConsoleApp1.csproj", "{CFA2DB56-FC5A-41E3-B816-39D68C19CCC8}"
EndProject
Global
	GlobalSection(SolutionConfigurationPlatforms) = preSolution
		Debug|Any CPU = Debug|Any CPU
		Release|Any CPU = Release|Any CPU
	EndGlobalSection
	GlobalSection(ProjectConfigurationPlatforms) = postSolution
		{CFA2DB56-FC5A-41E3-B816-39D68C19CCC8}.Debug|Any CPU.ActiveCfg = Debug|Any CPU
		{CFA2DB56-FC5A-41E3-B816-39D68C19CCC8}.Debug|Any CPU.Build.0 = Debug|Any CPU
		{CFA2DB56-FC5A-41E3-B816-39D68C19CCC8}.Release|Any CPU.ActiveCfg = Release|Any CPU
		{CFA2DB56-FC5A-41E3-B816-39D68C19CCC8}.Release|Any CPU.Build.0 = Release|Any CPU
	EndGlobalSection
	GlobalSection(SolutionProperties) = preSolution
		HideSolutionNode = FALSE
	EndGlobalSection
	GlobalSection(ExtensibilityGlobals) = postSolution
		SolutionGuid = {66AC009D-BA70-4487-95F3-16620C9793BF}
	EndGlobalSection
EndGlobal
